<?xml version="1.0" encoding="utf-8"?>
<Project ToolsVersion="4.0" xmlns="http://schemas.microsoft.com/developer/msbuild/2003">
  <ItemGroup>
    <Filter Include="Source Files">
      <UniqueIdentifier>{4FC737F1-C7A5-4376-A066-2A32D752A2FF}</UniqueIdentifier>
      <Extensions>cpp;c;cc;cxx;c++;cppm;ixx;def;odl;idl;hpj;bat;asm;asmx</Extensions>
    </Filter>
    <Filter Include="Header Files">
      <UniqueIdentifier>{93995380-89BD-4b04-88EB-625FBE52EBFB}</UniqueIdentifier>
      <Extensions>h;hh;hpp;hxx;h++;hm;inl;inc;ipp;xsd</Extensions>
    </Filter>
    <Filter Include="Resource Files">
      <UniqueIdentifier>{67DA6AB6-F800-4c08-8B7A-83BB121AAD01}</UniqueIdentifier>
      <Extensions>rc;ico;cur;bmp;dlg;rc2;rct;bin;rgs;gif;jpg;jpeg;jpe;resx;tiff;tif;png;wav;mfcribbon-ms</Extensions>
    </Filter>
  </ItemGroup>
  <ItemGroup>
    <ClCompile Include="parsernewb.cpp">
      <Filter>Source Files</Filter>
    </ClCompile>
    <ClCompile Include="lexer.cpp">
      <Filter>Source Files</Filter>
    </ClCompile>
    <ClCompile Include="parser.cpp">
      <Filter>Source Files</Filter>
    </ClCompile>
    <ClCompile Include="interpreter.cpp">
      <Filter>Source Files</Filter>
    </ClCompile>
    <ClCompile Include="dashboard.cpp">
      <Filter>Source Files</Filter>
    </ClCompile>
    <ClCompile Include="net_resolver.cpp">
      <Filter>Source Files</Filter>
    </ClCompile>
    <ClCompile Include="web_dashboard.cpp">
      <Filter>Source Files</Filter>
    </ClCompile>
    <ClCompile Include="geometry.cpp">
      <Filter>Source Files</Filter>
    </ClCompile>
    <ClCompile Include="pin_transform.cpp">
      <Filter>Source Files</Filter>
    </ClCompile>
    <ClCompile Include="pin_mapper.cpp">
      <Filter>Source Files</Filter>
    </ClCompile>
    <ClCompile Include="net_database.cpp">
      <Filter>Source Files</Filter>
    </ClCompile>
    <ClCompile Include="pin_mapper_debug.cpp">
      <Filter>Source Files</Filter>
    </ClCompile>
    <ClCompile Include="graph..cpp">
      <Filter>Source Files</Filter>
    </ClCompile>
    <ClCompile Include="graph_builder.cpp">
      <Filter>Source Files</Filter>
    </ClCompile>
    <ClCompile Include="graph_debug.cpp">
      <Filter>Source Files</Filter>
    </ClCompile>
    <ClCompile Include="point_hash.cpp">
      <Filter>Source Files</Filter>
    </ClCompile>
    <ClCompile Include="graph_search.cpp">
      <Filter>Source Files</Filter>
    </ClCompile>
  </ItemGroup>
  <ItemGroup>
    <ClInclude Include="lexer.h">
      <Filter>Header Files</Filter>
    </ClInclude>
    <ClInclude Include="interpreter.h">
      <Filter>Header Files</Filter>
    </ClInclude>
    <ClInclude Include="dashboard.h">
      <Filter>Header Files</Filter>
    </ClInclude>
    <ClInclude Include="C:\Users\chava\Downloads\imgui.h">
      <Filter>Header Files</Filter>
    </ClInclude>
    <ClInclude Include="net_resolver.h">
      <Filter>Header Files</Filter>
    </ClInclude>
    <ClInclude Include="web_dashboard.h">
      <Filter>Header Files</Filter>
    </ClInclude>
    <ClInclude Include="parser.h">
      <Filter>Source Files</Filter>
    </ClInclude>
    <ClInclude Include="geometry.h">
      <Filter>Header Files</Filter>
    </ClInclude>
    <ClInclude Include="pin_transform.h">
      <Filter>Header Files</Filter>
    </ClInclude>
    <ClInclude Include="pin_mapper.h">
      <Filter>Header Files</Filter>
    </ClInclude>
    <ClInclude Include="net_database.h">
      <Filter>Header Files</Filter>
    </ClInclude>
    <ClInclude Include="pin_mapper_debug.h">
      <Filter>Header Files</Filter>
    </ClInclude>
    <ClInclude Include="graph.h">
      <Filter>Header Files</Filter>
    </ClInclude>
    <ClInclude Include="graph_builder.h">
      <Filter>Header Files</Filter>
    </ClInclude>
    <ClInclude Include="graph_debug.h">
      <Filter>Header Files</Filter>
    </ClInclude>
    <ClInclude Include="point_hash.h">
      <Filter>Header Files</Filter>
    </ClInclude>
    <ClInclude Include="graph_types.h">
      <Filter>Source Files</Filter>
    </ClInclude>
    <ClInclude Include="graph_search.h">
      <Filter>Header Files</Filter>
    </ClInclude>
  </ItemGroup>
</Project>